
Microsoft Visual Studio Solution File, Format Version 12.00
# Visual Studio Version 17
VisualStudioVersion = 17.9.34902.65
MinimumVisualStudioVersion = 10.0.40219.1
Project("{FAE04EC0-301F-11D3-BF4B-00C04F79EFBC}") = "WebApplication1", "WebApplication1\WebApplication1.csproj", "{29C624A7-78FC-46B2-8CFA-C65D1F9D2837}"
EndProject
Global
	GlobalSection(SolutionConfigurationPlatforms) = preSolution
		Debug|Any CPU = Debug|Any CPU
		Release|Any CPU = Release|Any CPU
	EndGlobalSection
	GlobalSection(ProjectConfigurationPlatforms) = postSolution
		{29C624A7-78FC-46B2-8CFA-C65D1F9D2837}.Debug|Any CPU.ActiveCfg = Debug|Any CPU
		{29C624A7-78FC-46B2-8CFA-C65D1F9D2837}.Debug|Any CPU.Build.0 = Debug|Any CPU
		{29C624A7-78FC-46B2-8CFA-C65D1F9D2837}.Release|Any CPU.ActiveCfg = Release|Any CPU
		{29C624A7-78FC-46B2-8CFA-C65D1F9D2837}.Release|Any CPU.Build.0 = Release|Any CPU
	EndGlobalSection
	GlobalSection(SolutionProperties) = preSolution
		HideSolutionNode = FALSE
	EndGlobalSection
	GlobalSection(ExtensibilityGlobals) = postSolution
		SolutionGuid = {4A07251E-5305-4EA5-9046-8BB87E16BA4D}
	EndGlobalSection
EndGlobal
